// !$*UTF8*$!
{
	archiveVersion = 1;
	classes = {
	};
	objectVersion = 56;
	objects = {

/* Begin PBXBuildFile section */
		7EDFA34829977BFA008EEB41 /* StatusBarJobTimerApp.swift in Sources */ = {isa = PBXBuildFile; fileRef = 7EDFA34729977BFA008EEB41 /* StatusBarJobTimerApp.swift */; };
		7EDFA34A29977BFA008EEB41 /* ContentView.swift in Sources */ = {isa = PBXBuildFile; fileRef = 7EDFA34929977BFA008EEB41 /* ContentView.swift */; };
		7EDFA34C29977BFC008EEB41 /* Assets.xcassets in Resources */ = {isa = PBXBuildFile; fileRef = 7EDFA34B29977BFC008EEB41 /* Assets.xcassets */; };
		7EDFA34F29977BFC008EEB41 /* Preview Assets.xcassets in Resources */ = {isa = PBXBuildFile; fileRef = 7EDFA34E29977BFC008EEB41 /* Preview Assets.xcassets */; };
		7EDFA3572997DFA6008EEB41 /* ContentViewModel.swift in Sources */ = {isa = PBXBuildFile; fileRef = 7EDFA3562997DFA6008EEB41 /* ContentViewModel.swift */; };
		7EDFA3592997FCC3008EEB41 /* LocalNotificationService.swift in Sources */ = {isa = PBXBuildFile; fileRef = 7EDFA3582997FCC3008EEB41 /* LocalNotificationService.swift */; };
/* End PBXBuildFile section */

/* Begin PBXFileReference section */
		7EDFA34429977BF9008EEB41 /* Simple Focus Timer.app */ = {isa = PBXFileReference; explicitFileType = wrapper.application; includeInIndex = 0; path = "Simple Focus Timer.app"; sourceTree = BUILT_PRODUCTS_DIR; };
		7EDFA34729977BFA008EEB41 /* StatusBarJobTimerApp.swift */ = {isa = PBXFileReference; lastKnownFileType = sourcecode.swift; path = StatusBarJobTimerApp.swift; sourceTree = "<group>"; };
		7EDFA34929977BFA008EEB41 /* ContentView.swift */ = {isa = PBXFileReference; lastKnownFileType = sourcecode.swift; path = ContentView.swift; sourceTree = "<group>"; };
		7EDFA34B29977BFC008EEB41 /* Assets.xcassets */ = {isa = PBXFileReference; lastKnownFileType = folder.assetcatalog; path = Assets.xcassets; sourceTree = "<group>"; };
		7EDFA34E29977BFC008EEB41 /* Preview Assets.xcassets */ = {isa = PBXFileReference; lastKnownFileType = folder.assetcatalog; path = "Preview Assets.xcassets"; sourceTree = "<group>"; };
		7EDFA35029977BFC008EEB41 /* StatusBarJobTimer.entitlements */ = {isa = PBXFileReference; lastKnownFileType = text.plist.entitlements; path = StatusBarJobTimer.entitlements; sourceTree = "<group>"; };
		7EDFA3562997DFA6008EEB41 /* ContentViewModel.swift */ = {isa = PBXFileReference; lastKnownFileType = sourcecode.swift; path = ContentViewModel.swift; sourceTree = "<group>"; };
		7EDFA3582997FCC3008EEB41 /* LocalNotificationService.swift */ = {isa = PBXFileReference; lastKnownFileType = sourcecode.swift; path = LocalNotificationService.swift; sourceTree = "<group>"; };
/* End PBXFileReference section */

/* Begin PBXFrameworksBuildPhase section */
		7EDFA34129977BF9008EEB41 /* Frameworks */ = {
			isa = PBXFrameworksBuildPhase;
			buildActionMask = 2147483647;
			files = (
			);
			runOnlyForDeploymentPostprocessing = 0;
		};
/* End PBXFrameworksBuildPhase section */

/* Begin PBXGroup section */
		7EDFA33B29977BF9008EEB41 = {
			isa = PBXGroup;
			children = (
				7EDFA34629977BF9008EEB41 /* StatusBarJobTimer */,
				7EDFA34529977BF9008EEB41 /* Products */,
			);
			sourceTree = "<group>";
		};
		7EDFA34529977BF9008EEB41 /* Products */ = {
			isa = PBXGroup;
			children = (
				7EDFA34429977BF9008EEB41 /* Simple Focus Timer.app */,
			);
			name = Products;
			sourceTree = "<group>";
		};
		7EDFA34629977BF9008EEB41 /* StatusBarJobTimer */ = {
			isa = PBXGroup;
			children = (
				7EDFA34729977BFA008EEB41 /* StatusBarJobTimerApp.swift */,
				7EDFA34929977BFA008EEB41 /* ContentView.swift */,
				7EDFA3562997DFA6008EEB41 /* ContentViewModel.swift */,
				7EDFA3582997FCC3008EEB41 /* LocalNotificationService.swift */,
				7EDFA34B29977BFC008EEB41 /* Assets.xcassets */,
				7EDFA35029977BFC008EEB41 /* StatusBarJobTimer.entitlements */,
				7EDFA34D29977BFC008EEB41 /* Preview Content */,
			);
			path = StatusBarJobTimer;
			sourceTree = "<group>";
		};
		7EDFA34D29977BFC008EEB41 /* Preview Content */ = {
			isa = PBXGroup;
			children = (
				7EDFA34E29977BFC008EEB41 /* Preview Assets.xcassets */,
			);
			path = "Preview Content";
			sourceTree = "<group>";
		};
/* End PBXGroup section */

/* Begin PBXNativeTarget section */
		7EDFA34329977BF9008EEB41 /* Simple Focus Timer */ = {
			isa = PBXNativeTarget;
			buildConfigurationList = 7EDFA35329977BFC008EEB41 /* Build configuration list for PBXNativeTarget "Simple Focus Timer" */;
			buildPhases = (
				7EDFA34029977BF9008EEB41 /* Sources */,
				7EDFA34129977BF9008EEB41 /* Frameworks */,
				7EDFA34229977BF9008EEB41 /* Resources */,
			);
			buildRules = (
			);
			dependencies = (
			);
			name = "Simple Focus Timer";
			productName = StatusBarJobTimer;
			productReference = 7EDFA34429977BF9008EEB41 /* Simple Focus Timer.app */;
			productType = "com.apple.product-type.application";
		};
/* End PBXNativeTarget section */

/* Begin PBXProject section */
		7EDFA33C29977BF9008EEB41 /* Project object */ = {
			isa = PBXProject;
			attributes = {
				BuildIndependentTargetsInParallel = 1;
				LastSwiftUpdateCheck = 1400;
				LastUpgradeCheck = 1400;
				TargetAttributes = {
					7EDFA34329977BF9008EEB41 = {
						CreatedOnToolsVersion = 14.0.1;
					};
				};
			};
			buildConfigurationList = 7EDFA33F29977BF9008EEB41 /* Build configuration list for PBXProject "Simple Focus Timer" */;
			compatibilityVersion = "Xcode 14.0";
			developmentRegion = en;
			hasScannedForEncodings = 0;
			knownRegions = (
				en,
				Base,
			);
			mainGroup = 7EDFA33B29977BF9008EEB41;
			productRefGroup = 7EDFA34529977BF9008EEB41 /* Products */;
			projectDirPath = "";
			projectRoot = "";
			targets = (
				7EDFA34329977BF9008EEB41 /* Simple Focus Timer */,
			);
		};
/* End PBXProject section */

/* Begin PBXResourcesBuildPhase section */
		7EDFA34229977BF9008EEB41 /* Resources */ = {
			isa = PBXResourcesBuildPhase;
			buildActionMask = 2147483647;
			files = (
				7EDFA34F29977BFC008EEB41 /* Preview Assets.xcassets in Resources */,
				7EDFA34C29977BFC008EEB41 /* Assets.xcassets in Resources */,
			);
			runOnlyForDeploymentPostprocessing = 0;
		};
/* End PBXResourcesBuildPhase section */

/* Begin PBXSourcesBuildPhase section */
		7EDFA34029977BF9008EEB41 /* Sources */ = {
			isa = PBXSourcesBuildPhase;
			buildActionMask = 2147483647;
			files = (
				7EDFA3592997FCC3008EEB41 /* LocalNotificationService.swift in Sources */,
				7EDFA34A29977BFA008EEB41 /* ContentView.swift in Sources */,
				7EDFA34829977BFA008EEB41 /* StatusBarJobTimerApp.swift in Sources */,
				7EDFA3572997DFA6008EEB41 /* ContentViewModel.swift in Sources */,
			);
			runOnlyForDeploymentPostprocessing = 0;
		};
/* End PBXSourcesBuildPhase section */

/* Begin XCBuildConfiguration section */
		7EDFA35129977BFC008EEB41 /* Debug */ = {
			isa = XCBuildConfiguration;
			buildSettings = {
				ALWAYS_SEARCH_USER_PATHS = NO;
				CLANG_ANALYZER_NONNULL = YES;
				CLANG_ANALYZER_NUMBER_OBJECT_CONVERSION = YES_AGGRESSIVE;
				CLANG_CXX_LANGUAGE_STANDARD = "gnu++20";
				CLANG_ENABLE_MODULES = YES;
				CLANG_ENABLE_OBJC_ARC = YES;
				CLANG_ENABLE_OBJC_WEAK = YES;
				CLANG_WARN_BLOCK_CAPTURE_AUTORELEASING = YES;
				CLANG_WARN_BOOL_CONVERSION = YES;
				CLANG_WARN_COMMA = YES;
				CLANG_WARN_CONSTANT_CONVERSION = YES;
				CLANG_WARN_DEPRECATED_OBJC_IMPLEMENTATIONS = YES;
				CLANG_WARN_DIRECT_OBJC_ISA_USAGE = YES_ERROR;
				CLANG_WARN_DOCUMENTATION_COMMENTS = YES;
				CLANG_WARN_EMPTY_BODY = YES;
				CLANG_WARN_ENUM_CONVERSION = YES;
				CLANG_WARN_INFINITE_RECURSION = YES;
				CLANG_WARN_INT_CONVERSION = YES;
				CLANG_WARN_NON_LITERAL_NULL_CONVERSION = YES;
				CLANG_WARN_OBJC_IMPLICIT_RETAIN_SELF = YES;
				CLANG_WARN_OBJC_LITERAL_CONVERSION = YES;
				CLANG_WARN_OBJC_ROOT_CLASS = YES_ERROR;
				CLANG_WARN_QUOTED_INCLUDE_IN_FRAMEWORK_HEADER = YES;
				CLANG_WARN_RANGE_LOOP_ANALYSIS = YES;
				CLANG_WARN_STRICT_PROTOTYPES = YES;
				CLANG_WARN_SUSPICIOUS_MOVE = YES;
				CLANG_WARN_UNGUARDED_AVAILABILITY = YES_AGGRESSIVE;
				CLANG_WARN_UNREACHABLE_CODE = YES;
				CLANG_WARN__DUPLICATE_METHOD_MATCH = YES;
				COPY_PHASE_STRIP = NO;
				DEBUG_INFORMATION_FORMAT = dwarf;
				ENABLE_STRICT_OBJC_MSGSEND = YES;
				ENABLE_TESTABILITY = YES;
				GCC_C_LANGUAGE_STANDARD = gnu11;
				GCC_DYNAMIC_NO_PIC = NO;
				GCC_NO_COMMON_BLOCKS = YES;
				GCC_OPTIMIZATION_LEVEL = 0;
				GCC_PREPROCESSOR_DEFINITIONS = (
					"DEBUG=1",
					"$(inherited)",
				);
				GCC_WARN_64_TO_32_BIT_CONVERSION = YES;
				GCC_WARN_ABOUT_RETURN_TYPE = YES_ERROR;
				GCC_WARN_UNDECLARED_SELECTOR = YES;
				GCC_WARN_UNINITIALIZED_AUTOS = YES_AGGRESSIVE;
				GCC_WARN_UNUSED_FUNCTION = YES;
				GCC_WARN_UNUSED_VARIABLE = YES;
				MACOSX_DEPLOYMENT_TARGET = 12.3;
				MTL_ENABLE_DEBUG_INFO = INCLUDE_SOURCE;
				MTL_FAST_MATH = YES;
				ONLY_ACTIVE_ARCH = YES;
				SDKROOT = macosx;
				SWIFT_ACTIVE_COMPILATION_CONDITIONS = DEBUG;
				SWIFT_OPTIMIZATION_LEVEL = "-Onone";
			};
			name = Debug;
		};
		7EDFA35229977BFC008EEB41 /* Release */ = {
			isa = XCBuildConfiguration;
			buildSettings = {
				ALWAYS_SEARCH_USER_PATHS = NO;
				CLANG_ANALYZER_NONNULL = YES;
				CLANG_ANALYZER_NUMBER_OBJECT_CONVERSION = YES_AGGRESSIVE;
				CLANG_CXX_LANGUAGE_STANDARD = "gnu++20";
				CLANG_ENABLE_MODULES = YES;
				CLANG_ENABLE_OBJC_ARC = YES;
				CLANG_ENABLE_OBJC_WEAK = YES;
				CLANG_WARN_BLOCK_CAPTURE_AUTORELEASING = YES;
				CLANG_WARN_BOOL_CONVERSION = YES;
				CLANG_WARN_COMMA = YES;
				CLANG_WARN_CONSTANT_CONVERSION = YES;
				CLANG_WARN_DEPRECATED_OBJC_IMPLEMENTATIONS = YES;
				CLANG_WARN_DIRECT_OBJC_ISA_USAGE = YES_ERROR;
				CLANG_WARN_DOCUMENTATION_COMMENTS = YES;
				CLANG_WARN_EMPTY_BODY = YES;
				CLANG_WARN_ENUM_CONVERSION = YES;
				CLANG_WARN_INFINITE_RECURSION = YES;
				CLANG_WARN_INT_CONVERSION = YES;
				CLANG_WARN_NON_LITERAL_NULL_CONVERSION = YES;
				CLANG_WARN_OBJC_IMPLICIT_RETAIN_SELF = YES;
				CLANG_WARN_OBJC_LITERAL_CONVERSION = YES;
				CLANG_WARN_OBJC_ROOT_CLASS = YES_ERROR;
				CLANG_WARN_QUOTED_INCLUDE_IN_FRAMEWORK_HEADER = YES;
				CLANG_WARN_RANGE_LOOP_ANALYSIS = YES;
				CLANG_WARN_STRICT_PROTOTYPES = YES;
				CLANG_WARN_SUSPICIOUS_MOVE = YES;
				CLANG_WARN_UNGUARDED_AVAILABILITY = YES_AGGRESSIVE;
				CLANG_WARN_UNREACHABLE_CODE = YES;
				CLANG_WARN__DUPLICATE_METHOD_MATCH = YES;
				COPY_PHASE_STRIP = NO;
				DEBUG_INFORMATION_FORMAT = "dwarf-with-dsym";
				ENABLE_NS_ASSERTIONS = NO;
				ENABLE_STRICT_OBJC_MSGSEND = YES;
				GCC_C_LANGUAGE_STANDARD = gnu11;
				GCC_NO_COMMON_BLOCKS = YES;
				GCC_WARN_64_TO_32_BIT_CONVERSION = YES;
				GCC_WARN_ABOUT_RETURN_TYPE = YES_ERROR;
				GCC_WARN_UNDECLARED_SELECTOR = YES;
				GCC_WARN_UNINITIALIZED_AUTOS = YES_AGGRESSIVE;
				GCC_WARN_UNUSED_FUNCTION = YES;
				GCC_WARN_UNUSED_VARIABLE = YES;
				MACOSX_DEPLOYMENT_TARGET = 12.3;
				MTL_ENABLE_DEBUG_INFO = NO;
				MTL_FAST_MATH = YES;
				SDKROOT = macosx;
				SWIFT_COMPILATION_MODE = wholemodule;
				SWIFT_OPTIMIZATION_LEVEL = "-O";
			};
			name = Release;
		};
		7EDFA35429977BFC008EEB41 /* Debug */ = {
			isa = XCBuildConfiguration;
			buildSettings = {
				ASSETCATALOG_COMPILER_APPICON_NAME = AppIcon;
				ASSETCATALOG_COMPILER_GLOBAL_ACCENT_COLOR_NAME = AccentColor;
				CODE_SIGN_ENTITLEMENTS = StatusBarJobTimer/StatusBarJobTimer.entitlements;
				CODE_SIGN_IDENTITY = "Apple Development";
				"CODE_SIGN_IDENTITY[sdk=macosx*]" = "Apple Development";
				CODE_SIGN_STYLE = Automatic;
				COMBINE_HIDPI_IMAGES = YES;
				CURRENT_PROJECT_VERSION = 1;
				DEVELOPMENT_ASSET_PATHS = "\"StatusBarJobTimer/Preview Content\"";
				DEVELOPMENT_TEAM = 8FR82B7BH7;
				ENABLE_HARDENED_RUNTIME = YES;
				ENABLE_PREVIEWS = YES;
				GENERATE_INFOPLIST_FILE = YES;
				INFOPLIST_KEY_CFBundleDisplayName = "Simple Focus Timer";
				INFOPLIST_KEY_LSApplicationCategoryType = "public.app-category.lifestyle";
				INFOPLIST_KEY_LSUIElement = YES;
				INFOPLIST_KEY_NSHumanReadableCopyright = "";
				LD_RUNPATH_SEARCH_PATHS = (
					"$(inherited)",
					"@executable_path/../Frameworks",
				);
				MARKETING_VERSION = 1.0;
				PRODUCT_BUNDLE_IDENTIFIER = mikhailSeregin.StatusBarJobTimer;
				PRODUCT_NAME = "$(TARGET_NAME)";
				PROVISIONING_PROFILE_SPECIFIER = "";
				SWIFT_EMIT_LOC_STRINGS = YES;
				SWIFT_VERSION = 5.0;
			};
			name = Debug;
		};
		7EDFA35529977BFC008EEB41 /* Release */ = {
			isa = XCBuildConfiguration;
			buildSettings = {
				ASSETCATALOG_COMPILER_APPICON_NAME = AppIcon;
				ASSETCATALOG_COMPILER_GLOBAL_ACCENT_COLOR_NAME = AccentColor;
				CODE_SIGN_ENTITLEMENTS = StatusBarJobTimer/StatusBarJobTimer.entitlements;
				CODE_SIGN_IDENTITY = "Apple Development";
				"CODE_SIGN_IDENTITY[sdk=macosx*]" = "Apple Development";
				CODE_SIGN_STYLE = Automatic;
				COMBINE_HIDPI_IMAGES = YES;
				CURRENT_PROJECT_VERSION = 1;
				DEVELOPMENT_ASSET_PATHS = "\"StatusBarJobTimer/Preview Content\"";
				DEVELOPMENT_TEAM = 8FR82B7BH7;
				ENABLE_HARDENED_RUNTIME = YES;
				ENABLE_PREVIEWS = YES;
				GENERATE_INFOPLIST_FILE = YES;
				INFOPLIST_KEY_CFBundleDisplayName = "Simple Focus Timer";
				INFOPLIST_KEY_LSApplicationCategoryType = "public.app-category.lifestyle";
				INFOPLIST_KEY_LSUIElement = YES;
				INFOPLIST_KEY_NSHumanReadableCopyright = "";
				LD_RUNPATH_SEARCH_PATHS = (
					"$(inherited)",
					"@executable_path/../Frameworks",
				);
				MARKETING_VERSION = 1.0;
				PRODUCT_BUNDLE_IDENTIFIER = mikhailSeregin.StatusBarJobTimer;
				PRODUCT_NAME = "$(TARGET_NAME)";
				PROVISIONING_PROFILE_SPECIFIER = "";
				SWIFT_EMIT_LOC_STRINGS = YES;
				SWIFT_VERSION = 5.0;
			};
			name = Release;
		};
/* End XCBuildConfiguration section */

/* Begin XCConfigurationList section */
		7EDFA33F29977BF9008EEB41 /* Build configuration list for PBXProject "Simple Focus Timer" */ = {
			isa = XCConfigurationList;
			buildConfigurations = (
				7EDFA35129977BFC008EEB41 /* Debug */,
				7EDFA35229977BFC008EEB41 /* Release */,
			);
			defaultConfigurationIsVisible = 0;
			defaultConfigurationName = Release;
		};
		7EDFA35329977BFC008EEB41 /* Build configuration list for PBXNativeTarget "Simple Focus Timer" */ = {
			isa = XCConfigurationList;
			buildConfigurations = (
				7EDFA35429977BFC008EEB41 /* Debug */,
				7EDFA35529977BFC008EEB41 /* Release */,
			);
			defaultConfigurationIsVisible = 0;
			defaultConfigurationName = Release;
		};
/* End XCConfigurationList section */
	};
	rootObject = 7EDFA33C29977BF9008EEB41 /* Project object */;
}
